// !$*UTF8*$!
{
	archiveVersion = 1;
	classes = {
	};
	objectVersion = 50;
	objects = {

/* Begin PBXBuildFile section */
		6FA1BA0E2170B386169429FB /* Pods_RxMVVM.framework in Frameworks */ = {isa = PBXBuildFile; fileRef = 7F07A148D46B3431B9C114F0 /* Pods_RxMVVM.framework */; };
		9B0602D322C550E500F30543 /* RealmIssue.swift in Sources */ = {isa = PBXBuildFile; fileRef = 9B0602D222C550E500F30543 /* RealmIssue.swift */; };
		9B0602D522C557AA00F30543 /* RealmManager.swift in Sources */ = {isa = PBXBuildFile; fileRef = 9B0602D422C557AA00F30543 /* RealmManager.swift */; };
		9B376EDB22C5759D000648E5 /* Date+Extension.swift in Sources */ = {isa = PBXBuildFile; fileRef = 9B376EDA22C5759D000648E5 /* Date+Extension.swift */; };
		9B51123E22C3B71A00747FCB /* AppDelegate.swift in Sources */ = {isa = PBXBuildFile; fileRef = 9B51123D22C3B71A00747FCB /* AppDelegate.swift */; };
		9B51124322C3B71A00747FCB /* Main.storyboard in Resources */ = {isa = PBXBuildFile; fileRef = 9B51124122C3B71A00747FCB /* Main.storyboard */; };
		9B51124522C3B71B00747FCB /* Assets.xcassets in Resources */ = {isa = PBXBuildFile; fileRef = 9B51124422C3B71B00747FCB /* Assets.xcassets */; };
		9B51124822C3B71B00747FCB /* LaunchScreen.storyboard in Resources */ = {isa = PBXBuildFile; fileRef = 9B51124622C3B71B00747FCB /* LaunchScreen.storyboard */; };
		9B51125422C467A500747FCB /* NetworkManager.swift in Sources */ = {isa = PBXBuildFile; fileRef = 9B51125322C467A500747FCB /* NetworkManager.swift */; };
		9B51125922C469D400747FCB /* Constants.swift in Sources */ = {isa = PBXBuildFile; fileRef = 9B51125822C469D400747FCB /* Constants.swift */; };
		9B51125C22C46C7100747FCB /* IssuesViewModel.swift in Sources */ = {isa = PBXBuildFile; fileRef = 9B51125B22C46C7100747FCB /* IssuesViewModel.swift */; };
		9B51125E22C46CF500747FCB /* Issue.swift in Sources */ = {isa = PBXBuildFile; fileRef = 9B51125D22C46CF500747FCB /* Issue.swift */; };
		9B51126022C4C58A00747FCB /* Comment.swift in Sources */ = {isa = PBXBuildFile; fileRef = 9B51125F22C4C58A00747FCB /* Comment.swift */; };
		9B51126322C4D3AC00747FCB /* IssueTableViewCell.swift in Sources */ = {isa = PBXBuildFile; fileRef = 9B51126122C4D3AC00747FCB /* IssueTableViewCell.swift */; };
		9B51126422C4D3AC00747FCB /* IssueTableViewCell.xib in Resources */ = {isa = PBXBuildFile; fileRef = 9B51126222C4D3AC00747FCB /* IssueTableViewCell.xib */; };
		9B51126622C4DDC200747FCB /* IssuesViewController.swift in Sources */ = {isa = PBXBuildFile; fileRef = 9B51126522C4DDC200747FCB /* IssuesViewController.swift */; };
		9B51126922C4E1BF00747FCB /* CommentsViewController.swift in Sources */ = {isa = PBXBuildFile; fileRef = 9B51126822C4E1BF00747FCB /* CommentsViewController.swift */; };
		9B51126C22C4E89B00747FCB /* UIViewController+Extension.swift in Sources */ = {isa = PBXBuildFile; fileRef = 9B51126B22C4E89B00747FCB /* UIViewController+Extension.swift */; };
		9B51126E22C4F85B00747FCB /* String+Extension.swift in Sources */ = {isa = PBXBuildFile; fileRef = 9B51126D22C4F85B00747FCB /* String+Extension.swift */; };
		9B51127022C4FC6C00747FCB /* CommentsViewModel.swift in Sources */ = {isa = PBXBuildFile; fileRef = 9B51126F22C4FC6C00747FCB /* CommentsViewModel.swift */; };
		9B51127322C4FCE300747FCB /* CommnetTableViewCell.swift in Sources */ = {isa = PBXBuildFile; fileRef = 9B51127122C4FCE300747FCB /* CommnetTableViewCell.swift */; };
		9B51127422C4FCE300747FCB /* CommnetTableViewCell.xib in Resources */ = {isa = PBXBuildFile; fileRef = 9B51127222C4FCE300747FCB /* CommnetTableViewCell.xib */; };
		9B51127622C5098F00747FCB /* UIImageView+Extension.swift in Sources */ = {isa = PBXBuildFile; fileRef = 9B51127522C5098F00747FCB /* UIImageView+Extension.swift */; };
/* End PBXBuildFile section */

/* Begin PBXFileReference section */
		7F07A148D46B3431B9C114F0 /* Pods_RxMVVM.framework */ = {isa = PBXFileReference; explicitFileType = wrapper.framework; includeInIndex = 0; path = Pods_RxMVVM.framework; sourceTree = BUILT_PRODUCTS_DIR; };
		91915ED0EEF8A3BB30FC40EF /* Pods-RxMVVM.release.xcconfig */ = {isa = PBXFileReference; includeInIndex = 1; lastKnownFileType = text.xcconfig; name = "Pods-RxMVVM.release.xcconfig"; path = "Target Support Files/Pods-RxMVVM/Pods-RxMVVM.release.xcconfig"; sourceTree = "<group>"; };
		9B0602D222C550E500F30543 /* RealmIssue.swift */ = {isa = PBXFileReference; lastKnownFileType = sourcecode.swift; path = RealmIssue.swift; sourceTree = "<group>"; };
		9B0602D422C557AA00F30543 /* RealmManager.swift */ = {isa = PBXFileReference; lastKnownFileType = sourcecode.swift; path = RealmManager.swift; sourceTree = "<group>"; };
		9B376EDA22C5759D000648E5 /* Date+Extension.swift */ = {isa = PBXFileReference; lastKnownFileType = sourcecode.swift; path = "Date+Extension.swift"; sourceTree = "<group>"; };
		9B51123A22C3B71A00747FCB /* RxMVVM.app */ = {isa = PBXFileReference; explicitFileType = wrapper.application; includeInIndex = 0; path = RxMVVM.app; sourceTree = BUILT_PRODUCTS_DIR; };
		9B51123D22C3B71A00747FCB /* AppDelegate.swift */ = {isa = PBXFileReference; lastKnownFileType = sourcecode.swift; path = AppDelegate.swift; sourceTree = "<group>"; };
		9B51124222C3B71A00747FCB /* Base */ = {isa = PBXFileReference; lastKnownFileType = file.storyboard; name = Base; path = Base.lproj/Main.storyboard; sourceTree = "<group>"; };
		9B51124422C3B71B00747FCB /* Assets.xcassets */ = {isa = PBXFileReference; lastKnownFileType = folder.assetcatalog; path = Assets.xcassets; sourceTree = "<group>"; };
		9B51124722C3B71B00747FCB /* Base */ = {isa = PBXFileReference; lastKnownFileType = file.storyboard; name = Base; path = Base.lproj/LaunchScreen.storyboard; sourceTree = "<group>"; };
		9B51124922C3B71B00747FCB /* Info.plist */ = {isa = PBXFileReference; lastKnownFileType = text.plist.xml; path = Info.plist; sourceTree = "<group>"; };
		9B51125322C467A500747FCB /* NetworkManager.swift */ = {isa = PBXFileReference; lastKnownFileType = sourcecode.swift; path = NetworkManager.swift; sourceTree = "<group>"; };
		9B51125822C469D400747FCB /* Constants.swift */ = {isa = PBXFileReference; lastKnownFileType = sourcecode.swift; path = Constants.swift; sourceTree = "<group>"; };
		9B51125B22C46C7100747FCB /* IssuesViewModel.swift */ = {isa = PBXFileReference; lastKnownFileType = sourcecode.swift; path = IssuesViewModel.swift; sourceTree = "<group>"; };
		9B51125D22C46CF500747FCB /* Issue.swift */ = {isa = PBXFileReference; lastKnownFileType = sourcecode.swift; path = Issue.swift; sourceTree = "<group>"; };
		9B51125F22C4C58A00747FCB /* Comment.swift */ = {isa = PBXFileReference; lastKnownFileType = sourcecode.swift; path = Comment.swift; sourceTree = "<group>"; };
		9B51126122C4D3AC00747FCB /* IssueTableViewCell.swift */ = {isa = PBXFileReference; lastKnownFileType = sourcecode.swift; path = IssueTableViewCell.swift; sourceTree = "<group>"; };
		9B51126222C4D3AC00747FCB /* IssueTableViewCell.xib */ = {isa = PBXFileReference; lastKnownFileType = file.xib; path = IssueTableViewCell.xib; sourceTree = "<group>"; };
		9B51126522C4DDC200747FCB /* IssuesViewController.swift */ = {isa = PBXFileReference; lastKnownFileType = sourcecode.swift; path = IssuesViewController.swift; sourceTree = "<group>"; };
		9B51126822C4E1BF00747FCB /* CommentsViewController.swift */ = {isa = PBXFileReference; lastKnownFileType = sourcecode.swift; path = CommentsViewController.swift; sourceTree = "<group>"; };
		9B51126B22C4E89B00747FCB /* UIViewController+Extension.swift */ = {isa = PBXFileReference; lastKnownFileType = sourcecode.swift; path = "UIViewController+Extension.swift"; sourceTree = "<group>"; };
		9B51126D22C4F85B00747FCB /* String+Extension.swift */ = {isa = PBXFileReference; lastKnownFileType = sourcecode.swift; path = "String+Extension.swift"; sourceTree = "<group>"; };
		9B51126F22C4FC6C00747FCB /* CommentsViewModel.swift */ = {isa = PBXFileReference; lastKnownFileType = sourcecode.swift; path = CommentsViewModel.swift; sourceTree = "<group>"; };
		9B51127122C4FCE300747FCB /* CommnetTableViewCell.swift */ = {isa = PBXFileReference; lastKnownFileType = sourcecode.swift; path = CommnetTableViewCell.swift; sourceTree = "<group>"; };
		9B51127222C4FCE300747FCB /* CommnetTableViewCell.xib */ = {isa = PBXFileReference; lastKnownFileType = file.xib; path = CommnetTableViewCell.xib; sourceTree = "<group>"; };
		9B51127522C5098F00747FCB /* UIImageView+Extension.swift */ = {isa = PBXFileReference; lastKnownFileType = sourcecode.swift; path = "UIImageView+Extension.swift"; sourceTree = "<group>"; };
		B8C00786096CEE128127012D /* Pods-RxMVVM.debug.xcconfig */ = {isa = PBXFileReference; includeInIndex = 1; lastKnownFileType = text.xcconfig; name = "Pods-RxMVVM.debug.xcconfig"; path = "Target Support Files/Pods-RxMVVM/Pods-RxMVVM.debug.xcconfig"; sourceTree = "<group>"; };
/* End PBXFileReference section */

/* Begin PBXFrameworksBuildPhase section */
		9B51123722C3B71A00747FCB /* Frameworks */ = {
			isa = PBXFrameworksBuildPhase;
			buildActionMask = 2147483647;
			files = (
				6FA1BA0E2170B386169429FB /* Pods_RxMVVM.framework in Frameworks */,
			);
			runOnlyForDeploymentPostprocessing = 0;
		};
/* End PBXFrameworksBuildPhase section */

/* Begin PBXGroup section */
		9B51123122C3B71A00747FCB = {
			isa = PBXGroup;
			children = (
				9B51123C22C3B71A00747FCB /* RxMVVM */,
				9B51123B22C3B71A00747FCB /* Products */,
				E813A2361D4C145E708499CC /* Pods */,
				D06441659A79D0B883F9E674 /* Frameworks */,
			);
			sourceTree = "<group>";
		};
		9B51123B22C3B71A00747FCB /* Products */ = {
			isa = PBXGroup;
			children = (
				9B51123A22C3B71A00747FCB /* RxMVVM.app */,
			);
			name = Products;
			sourceTree = "<group>";
		};
		9B51123C22C3B71A00747FCB /* RxMVVM */ = {
			isa = PBXGroup;
			children = (
				9B51125122C4675600747FCB /* Services */,
				9B51124F22C4673200747FCB /* Entities */,
				9B51125522C4694100747FCB /* SupportFiles */,
				9B51125222C4676800747FCB /* Views */,
				9B51123D22C3B71A00747FCB /* AppDelegate.swift */,
				9B51124122C3B71A00747FCB /* Main.storyboard */,
				9B51124422C3B71B00747FCB /* Assets.xcassets */,
				9B51124622C3B71B00747FCB /* LaunchScreen.storyboard */,
				9B51124922C3B71B00747FCB /* Info.plist */,
			);
			path = RxMVVM;
			sourceTree = "<group>";
		};
		9B51124F22C4673200747FCB /* Entities */ = {
			isa = PBXGroup;
			children = (
				9B51125D22C46CF500747FCB /* Issue.swift */,
				9B51125F22C4C58A00747FCB /* Comment.swift */,
				9B0602D222C550E500F30543 /* RealmIssue.swift */,
			);
			path = Entities;
			sourceTree = "<group>";
		};
		9B51125122C4675600747FCB /* Services */ = {
			isa = PBXGroup;
			children = (
				9B51125322C467A500747FCB /* NetworkManager.swift */,
				9B0602D422C557AA00F30543 /* RealmManager.swift */,
			);
			path = Services;
			sourceTree = "<group>";
		};
		9B51125222C4676800747FCB /* Views */ = {
			isa = PBXGroup;
			children = (
				9B51126722C4E18F00747FCB /* Comments */,
				9B51125A22C46C4900747FCB /* Issues */,
			);
			path = Views;
			sourceTree = "<group>";
		};
		9B51125522C4694100747FCB /* SupportFiles */ = {
			isa = PBXGroup;
			children = (
				9B51126A22C4E86100747FCB /* Extensions */,
				9B51125822C469D400747FCB /* Constants.swift */,
			);
			path = SupportFiles;
			sourceTree = "<group>";
		};
		9B51125A22C46C4900747FCB /* Issues */ = {
			isa = PBXGroup;
			children = (
				9B51126122C4D3AC00747FCB /* IssueTableViewCell.swift */,
				9B51126222C4D3AC00747FCB /* IssueTableViewCell.xib */,
				9B51125B22C46C7100747FCB /* IssuesViewModel.swift */,
				9B51126522C4DDC200747FCB /* IssuesViewController.swift */,
			);
			path = Issues;
			sourceTree = "<group>";
		};
		9B51126722C4E18F00747FCB /* Comments */ = {
			isa = PBXGroup;
			children = (
				9B51126F22C4FC6C00747FCB /* CommentsViewModel.swift */,
				9B51126822C4E1BF00747FCB /* CommentsViewController.swift */,
				9B51127122C4FCE300747FCB /* CommnetTableViewCell.swift */,
				9B51127222C4FCE300747FCB /* CommnetTableViewCell.xib */,
			);
			path = Comments;
			sourceTree = "<group>";
		};
		9B51126A22C4E86100747FCB /* Extensions */ = {
			isa = PBXGroup;
			children = (
				9B51126B22C4E89B00747FCB /* UIViewController+Extension.swift */,
				9B51126D22C4F85B00747FCB /* String+Extension.swift */,
				9B51127522C5098F00747FCB /* UIImageView+Extension.swift */,
				9B376EDA22C5759D000648E5 /* Date+Extension.swift */,
			);
			path = Extensions;
			sourceTree = "<group>";
		};
		D06441659A79D0B883F9E674 /* Frameworks */ = {
			isa = PBXGroup;
			children = (
				7F07A148D46B3431B9C114F0 /* Pods_RxMVVM.framework */,
			);
			name = Frameworks;
			sourceTree = "<group>";
		};
		E813A2361D4C145E708499CC /* Pods */ = {
			isa = PBXGroup;
			children = (
				B8C00786096CEE128127012D /* Pods-RxMVVM.debug.xcconfig */,
				91915ED0EEF8A3BB30FC40EF /* Pods-RxMVVM.release.xcconfig */,
			);
			path = Pods;
			sourceTree = "<group>";
		};
/* End PBXGroup section */

/* Begin PBXNativeTarget section */
		9B51123922C3B71A00747FCB /* RxMVVM */ = {
			isa = PBXNativeTarget;
			buildConfigurationList = 9B51124C22C3B71B00747FCB /* Build configuration list for PBXNativeTarget "RxMVVM" */;
			buildPhases = (
				EE4338D791107BF9A8A63458 /* [CP] Check Pods Manifest.lock */,
				9B51123622C3B71A00747FCB /* Sources */,
				9B51123722C3B71A00747FCB /* Frameworks */,
				9B51123822C3B71A00747FCB /* Resources */,
				8747503C16DBC59DCBF2EEE3 /* [CP] Embed Pods Frameworks */,
			);
			buildRules = (
			);
			dependencies = (
			);
			name = RxMVVM;
			productName = RxMVVM;
			productReference = 9B51123A22C3B71A00747FCB /* RxMVVM.app */;
			productType = "com.apple.product-type.application";
		};
/* End PBXNativeTarget section */

/* Begin PBXProject section */
		9B51123222C3B71A00747FCB /* Project object */ = {
			isa = PBXProject;
			attributes = {
				LastSwiftUpdateCheck = 1020;
				LastUpgradeCheck = 1020;
				ORGANIZATIONNAME = "Bheem Singh";
				TargetAttributes = {
					9B51123922C3B71A00747FCB = {
						CreatedOnToolsVersion = 10.2.1;
					};
				};
			};
			buildConfigurationList = 9B51123522C3B71A00747FCB /* Build configuration list for PBXProject "RxMVVM" */;
			compatibilityVersion = "Xcode 9.3";
			developmentRegion = en;
			hasScannedForEncodings = 0;
			knownRegions = (
				en,
				Base,
			);
			mainGroup = 9B51123122C3B71A00747FCB;
			productRefGroup = 9B51123B22C3B71A00747FCB /* Products */;
			projectDirPath = "";
			projectRoot = "";
			targets = (
				9B51123922C3B71A00747FCB /* RxMVVM */,
			);
		};
/* End PBXProject section */

/* Begin PBXResourcesBuildPhase section */
		9B51123822C3B71A00747FCB /* Resources */ = {
			isa = PBXResourcesBuildPhase;
			buildActionMask = 2147483647;
			files = (
				9B51124822C3B71B00747FCB /* LaunchScreen.storyboard in Resources */,
				9B51127422C4FCE300747FCB /* CommnetTableViewCell.xib in Resources */,
				9B51124522C3B71B00747FCB /* Assets.xcassets in Resources */,
				9B51124322C3B71A00747FCB /* Main.storyboard in Resources */,
				9B51126422C4D3AC00747FCB /* IssueTableViewCell.xib in Resources */,
			);
			runOnlyForDeploymentPostprocessing = 0;
		};
/* End PBXResourcesBuildPhase section */

/* Begin PBXShellScriptBuildPhase section */
		8747503C16DBC59DCBF2EEE3 /* [CP] Embed Pods Frameworks */ = {
			isa = PBXShellScriptBuildPhase;
			buildActionMask = 2147483647;
			files = (
			);
			inputFileListPaths = (
			);
			inputPaths = (
				"${PODS_ROOT}/Target Support Files/Pods-RxMVVM/Pods-RxMVVM-frameworks.sh",
				"${BUILT_PRODUCTS_DIR}/Realm/Realm.framework",
				"${BUILT_PRODUCTS_DIR}/RealmSwift/RealmSwift.framework",
				"${BUILT_PRODUCTS_DIR}/RxCocoa/RxCocoa.framework",
				"${BUILT_PRODUCTS_DIR}/RxRelay/RxRelay.framework",
				"${BUILT_PRODUCTS_DIR}/RxSwift/RxSwift.framework",
				"${BUILT_PRODUCTS_DIR}/SwiftyJSON/SwiftyJSON.framework",
			);
			name = "[CP] Embed Pods Frameworks";
			outputFileListPaths = (
			);
			outputPaths = (
				"${TARGET_BUILD_DIR}/${FRAMEWORKS_FOLDER_PATH}/Realm.framework",
				"${TARGET_BUILD_DIR}/${FRAMEWORKS_FOLDER_PATH}/RealmSwift.framework",
				"${TARGET_BUILD_DIR}/${FRAMEWORKS_FOLDER_PATH}/RxCocoa.framework",
				"${TARGET_BUILD_DIR}/${FRAMEWORKS_FOLDER_PATH}/RxRelay.framework",
				"${TARGET_BUILD_DIR}/${FRAMEWORKS_FOLDER_PATH}/RxSwift.framework",
				"${TARGET_BUILD_DIR}/${FRAMEWORKS_FOLDER_PATH}/SwiftyJSON.framework",
			);
			runOnlyForDeploymentPostprocessing = 0;
			shellPath = /bin/sh;
			shellScript = "\"${PODS_ROOT}/Target Support Files/Pods-RxMVVM/Pods-RxMVVM-frameworks.sh\"\n";
			showEnvVarsInLog = 0;
		};
		EE4338D791107BF9A8A63458 /* [CP] Check Pods Manifest.lock */ = {
			isa = PBXShellScriptBuildPhase;
			buildActionMask = 2147483647;
			files = (
			);
			inputFileListPaths = (
			);
			inputPaths = (
				"${PODS_PODFILE_DIR_PATH}/Podfile.lock",
				"${PODS_ROOT}/Manifest.lock",
			);
			name = "[CP] Check Pods Manifest.lock";
			outputFileListPaths = (
			);
			outputPaths = (
				"$(DERIVED_FILE_DIR)/Pods-RxMVVM-checkManifestLockResult.txt",
			);
			runOnlyForDeploymentPostprocessing = 0;
			shellPath = /bin/sh;
			shellScript = "diff \"${PODS_PODFILE_DIR_PATH}/Podfile.lock\" \"${PODS_ROOT}/Manifest.lock\" > /dev/null\nif [ $? != 0 ] ; then\n    # print error to STDERR\n    echo \"error: The sandbox is not in sync with the Podfile.lock. Run 'pod install' or update your CocoaPods installation.\" >&2\n    exit 1\nfi\n# This output is used by Xcode 'outputs' to avoid re-running this script phase.\necho \"SUCCESS\" > \"${SCRIPT_OUTPUT_FILE_0}\"\n";
			showEnvVarsInLog = 0;
		};
/* End PBXShellScriptBuildPhase section */

/* Begin PBXSourcesBuildPhase section */
		9B51123622C3B71A00747FCB /* Sources */ = {
			isa = PBXSourcesBuildPhase;
			buildActionMask = 2147483647;
			files = (
				9B51127322C4FCE300747FCB /* CommnetTableViewCell.swift in Sources */,
				9B0602D322C550E500F30543 /* RealmIssue.swift in Sources */,
				9B51127022C4FC6C00747FCB /* CommentsViewModel.swift in Sources */,
				9B51127622C5098F00747FCB /* UIImageView+Extension.swift in Sources */,
				9B51126622C4DDC200747FCB /* IssuesViewController.swift in Sources */,
				9B51126E22C4F85B00747FCB /* String+Extension.swift in Sources */,
				9B51125C22C46C7100747FCB /* IssuesViewModel.swift in Sources */,
				9B51126022C4C58A00747FCB /* Comment.swift in Sources */,
				9B51125422C467A500747FCB /* NetworkManager.swift in Sources */,
				9B376EDB22C5759D000648E5 /* Date+Extension.swift in Sources */,
				9B0602D522C557AA00F30543 /* RealmManager.swift in Sources */,
				9B51123E22C3B71A00747FCB /* AppDelegate.swift in Sources */,
				9B51125922C469D400747FCB /* Constants.swift in Sources */,
				9B51125E22C46CF500747FCB /* Issue.swift in Sources */,
				9B51126322C4D3AC00747FCB /* IssueTableViewCell.swift in Sources */,
				9B51126C22C4E89B00747FCB /* UIViewController+Extension.swift in Sources */,
				9B51126922C4E1BF00747FCB /* CommentsViewController.swift in Sources */,
			);
			runOnlyForDeploymentPostprocessing = 0;
		};
/* End PBXSourcesBuildPhase section */

/* Begin PBXVariantGroup section */
		9B51124122C3B71A00747FCB /* Main.storyboard */ = {
			isa = PBXVariantGroup;
			children = (
				9B51124222C3B71A00747FCB /* Base */,
			);
			name = Main.storyboard;
			sourceTree = "<group>";
		};
		9B51124622C3B71B00747FCB /* LaunchScreen.storyboard */ = {
			isa = PBXVariantGroup;
			children = (
				9B51124722C3B71B00747FCB /* Base */,
			);
			name = LaunchScreen.storyboard;
			sourceTree = "<group>";
		};
/* End PBXVariantGroup section */

/* Begin XCBuildConfiguration section */
		9B51124A22C3B71B00747FCB /* Debug */ = {
			isa = XCBuildConfiguration;
			buildSettings = {
				ALWAYS_SEARCH_USER_PATHS = NO;
				CLANG_ANALYZER_NONNULL = YES;
				CLANG_ANALYZER_NUMBER_OBJECT_CONVERSION = YES_AGGRESSIVE;
				CLANG_CXX_LANGUAGE_STANDARD = "gnu++14";
				CLANG_CXX_LIBRARY = "libc++";
				CLANG_ENABLE_MODULES = YES;
				CLANG_ENABLE_OBJC_ARC = YES;
				CLANG_ENABLE_OBJC_WEAK = YES;
				CLANG_WARN_BLOCK_CAPTURE_AUTORELEASING = YES;
				CLANG_WARN_BOOL_CONVERSION = YES;
				CLANG_WARN_COMMA = YES;
				CLANG_WARN_CONSTANT_CONVERSION = YES;
				CLANG_WARN_DEPRECATED_OBJC_IMPLEMENTATIONS = YES;
				CLANG_WARN_DIRECT_OBJC_ISA_USAGE = YES_ERROR;
				CLANG_WARN_DOCUMENTATION_COMMENTS = YES;
				CLANG_WARN_EMPTY_BODY = YES;
				CLANG_WARN_ENUM_CONVERSION = YES;
				CLANG_WARN_INFINITE_RECURSION = YES;
				CLANG_WARN_INT_CONVERSION = YES;
				CLANG_WARN_NON_LITERAL_NULL_CONVERSION = YES;
				CLANG_WARN_OBJC_IMPLICIT_RETAIN_SELF = YES;
				CLANG_WARN_OBJC_LITERAL_CONVERSION = YES;
				CLANG_WARN_OBJC_ROOT_CLASS = YES_ERROR;
				CLANG_WARN_RANGE_LOOP_ANALYSIS = YES;
				CLANG_WARN_STRICT_PROTOTYPES = YES;
				CLANG_WARN_SUSPICIOUS_MOVE = YES;
				CLANG_WARN_UNGUARDED_AVAILABILITY = YES_AGGRESSIVE;
				CLANG_WARN_UNREACHABLE_CODE = YES;
				CLANG_WARN__DUPLICATE_METHOD_MATCH = YES;
				CODE_SIGN_IDENTITY = "iPhone Developer";
				COPY_PHASE_STRIP = NO;
				DEBUG_INFORMATION_FORMAT = dwarf;
				ENABLE_STRICT_OBJC_MSGSEND = YES;
				ENABLE_TESTABILITY = YES;
				GCC_C_LANGUAGE_STANDARD = gnu11;
				GCC_DYNAMIC_NO_PIC = NO;
				GCC_NO_COMMON_BLOCKS = YES;
				GCC_OPTIMIZATION_LEVEL = 0;
				GCC_PREPROCESSOR_DEFINITIONS = (
					"DEBUG=1",
					"$(inherited)",
				);
				GCC_WARN_64_TO_32_BIT_CONVERSION = YES;
				GCC_WARN_ABOUT_RETURN_TYPE = YES_ERROR;
				GCC_WARN_UNDECLARED_SELECTOR = YES;
				GCC_WARN_UNINITIALIZED_AUTOS = YES_AGGRESSIVE;
				GCC_WARN_UNUSED_FUNCTION = YES;
				GCC_WARN_UNUSED_VARIABLE = YES;
				IPHONEOS_DEPLOYMENT_TARGET = 12.2;
				MTL_ENABLE_DEBUG_INFO = INCLUDE_SOURCE;
				MTL_FAST_MATH = YES;
				ONLY_ACTIVE_ARCH = YES;
				SDKROOT = iphoneos;
				SWIFT_ACTIVE_COMPILATION_CONDITIONS = DEBUG;
				SWIFT_OPTIMIZATION_LEVEL = "-Onone";
			};
			name = Debug;
		};
		9B51124B22C3B71B00747FCB /* Release */ = {
			isa = XCBuildConfiguration;
			buildSettings = {
				ALWAYS_SEARCH_USER_PATHS = NO;
				CLANG_ANALYZER_NONNULL = YES;
				CLANG_ANALYZER_NUMBER_OBJECT_CONVERSION = YES_AGGRESSIVE;
				CLANG_CXX_LANGUAGE_STANDARD = "gnu++14";
				CLANG_CXX_LIBRARY = "libc++";
				CLANG_ENABLE_MODULES = YES;
				CLANG_ENABLE_OBJC_ARC = YES;
				CLANG_ENABLE_OBJC_WEAK = YES;
				CLANG_WARN_BLOCK_CAPTURE_AUTORELEASING = YES;
				CLANG_WARN_BOOL_CONVERSION = YES;
				CLANG_WARN_COMMA = YES;
				CLANG_WARN_CONSTANT_CONVERSION = YES;
				CLANG_WARN_DEPRECATED_OBJC_IMPLEMENTATIONS = YES;
				CLANG_WARN_DIRECT_OBJC_ISA_USAGE = YES_ERROR;
				CLANG_WARN_DOCUMENTATION_COMMENTS = YES;
				CLANG_WARN_EMPTY_BODY = YES;
				CLANG_WARN_ENUM_CONVERSION = YES;
				CLANG_WARN_INFINITE_RECURSION = YES;
				CLANG_WARN_INT_CONVERSION = YES;
				CLANG_WARN_NON_LITERAL_NULL_CONVERSION = YES;
				CLANG_WARN_OBJC_IMPLICIT_RETAIN_SELF = YES;
				CLANG_WARN_OBJC_LITERAL_CONVERSION = YES;
				CLANG_WARN_OBJC_ROOT_CLASS = YES_ERROR;
				CLANG_WARN_RANGE_LOOP_ANALYSIS = YES;
				CLANG_WARN_STRICT_PROTOTYPES = YES;
				CLANG_WARN_SUSPICIOUS_MOVE = YES;
				CLANG_WARN_UNGUARDED_AVAILABILITY = YES_AGGRESSIVE;
				CLANG_WARN_UNREACHABLE_CODE = YES;
				CLANG_WARN__DUPLICATE_METHOD_MATCH = YES;
				CODE_SIGN_IDENTITY = "iPhone Developer";
				COPY_PHASE_STRIP = NO;
				DEBUG_INFORMATION_FORMAT = "dwarf-with-dsym";
				ENABLE_NS_ASSERTIONS = NO;
				ENABLE_STRICT_OBJC_MSGSEND = YES;
				GCC_C_LANGUAGE_STANDARD = gnu11;
				GCC_NO_COMMON_BLOCKS = YES;
				GCC_WARN_64_TO_32_BIT_CONVERSION = YES;
				GCC_WARN_ABOUT_RETURN_TYPE = YES_ERROR;
				GCC_WARN_UNDECLARED_SELECTOR = YES;
				GCC_WARN_UNINITIALIZED_AUTOS = YES_AGGRESSIVE;
				GCC_WARN_UNUSED_FUNCTION = YES;
				GCC_WARN_UNUSED_VARIABLE = YES;
				IPHONEOS_DEPLOYMENT_TARGET = 12.2;
				MTL_ENABLE_DEBUG_INFO = NO;
				MTL_FAST_MATH = YES;
				SDKROOT = iphoneos;
				SWIFT_COMPILATION_MODE = wholemodule;
				SWIFT_OPTIMIZATION_LEVEL = "-O";
				VALIDATE_PRODUCT = YES;
			};
			name = Release;
		};
		9B51124D22C3B71B00747FCB /* Debug */ = {
			isa = XCBuildConfiguration;
			baseConfigurationReference = B8C00786096CEE128127012D /* Pods-RxMVVM.debug.xcconfig */;
			buildSettings = {
				ASSETCATALOG_COMPILER_APPICON_NAME = AppIcon;
				CODE_SIGN_STYLE = Automatic;
				INFOPLIST_FILE = RxMVVM/Info.plist;
				LD_RUNPATH_SEARCH_PATHS = (
					"$(inherited)",
					"@executable_path/Frameworks",
				);
				PRODUCT_BUNDLE_IDENTIFIER = com.bheemsingh.RxMVVM;
				PRODUCT_NAME = "$(TARGET_NAME)";
				SWIFT_VERSION = 5.0;
				TARGETED_DEVICE_FAMILY = "1,2";
			};
			name = Debug;
		};
		9B51124E22C3B71B00747FCB /* Release */ = {
			isa = XCBuildConfiguration;
			baseConfigurationReference = 91915ED0EEF8A3BB30FC40EF /* Pods-RxMVVM.release.xcconfig */;
			buildSettings = {
				ASSETCATALOG_COMPILER_APPICON_NAME = AppIcon;
				CODE_SIGN_STYLE = Automatic;
				INFOPLIST_FILE = RxMVVM/Info.plist;
				LD_RUNPATH_SEARCH_PATHS = (
					"$(inherited)",
					"@executable_path/Frameworks",
				);
				PRODUCT_BUNDLE_IDENTIFIER = com.bheemsingh.RxMVVM;
				PRODUCT_NAME = "$(TARGET_NAME)";
				SWIFT_VERSION = 5.0;
				TARGETED_DEVICE_FAMILY = "1,2";
			};
			name = Release;
		};
/* End XCBuildConfiguration section */

/* Begin XCConfigurationList section */
		9B51123522C3B71A00747FCB /* Build configuration list for PBXProject "RxMVVM" */ = {
			isa = XCConfigurationList;
			buildConfigurations = (
				9B51124A22C3B71B00747FCB /* Debug */,
				9B51124B22C3B71B00747FCB /* Release */,
			);
			defaultConfigurationIsVisible = 0;
			defaultConfigurationName = Release;
		};
		9B51124C22C3B71B00747FCB /* Build configuration list for PBXNativeTarget "RxMVVM" */ = {
			isa = XCConfigurationList;
			buildConfigurations = (
				9B51124D22C3B71B00747FCB /* Debug */,
				9B51124E22C3B71B00747FCB /* Release */,
			);
			defaultConfigurationIsVisible = 0;
			defaultConfigurationName = Release;
		};
/* End XCConfigurationList section */
	};
	rootObject = 9B51123222C3B71A00747FCB /* Project object */;
}
